
Microsoft Visual Studio Solution File, Format Version 12.00
# Visual Studio Version 17
VisualStudioVersion = 17.3.32929.385
MinimumVisualStudioVersion = 10.0.40219.1
Project("{9A19103F-16F7-4668-BE54-9A1E7A4F7556}") = "Business", "Business\Business.csproj", "{B13E6112-B4F2-4473-914B-EA0C1BE39F73}"
EndProject
Project("{2150E333-8FDC-42A3-9474-1A3956D46DE8}") = "Solution Items", "Solution Items", "{4A11764F-BB81-4B46-A55A-90508B4CFCF6}"
	ProjectSection(SolutionItems) = preProject
		.editorconfig = .editorconfig
		.gitignore = .gitignore
	EndProjectSection
EndProject
Project("{9A19103F-16F7-4668-BE54-9A1E7A4F7556}") = "Api", "Api\Api.csproj", "{364237CA-8668-4912-9CE7-93001335FA99}"
EndProject
Project("{9A19103F-16F7-4668-BE54-9A1E7A4F7556}") = "Domain", "Domain\Domain.csproj", "{78E5ACB5-DF8E-454B-B2DA-C78DDF1DCB63}"
EndProject
Project("{9A19103F-16F7-4668-BE54-9A1E7A4F7556}") = "Security", "Security\Security.csproj", "{D30D111A-8AAD-4669-B46D-BF5B10C28077}"
EndProject
Global
	GlobalSection(SolutionConfigurationPlatforms) = preSolution
		Debug|Any CPU = Debug|Any CPU
		Release|Any CPU = Release|Any CPU
	EndGlobalSection
	GlobalSection(ProjectConfigurationPlatforms) = postSolution
		{B13E6112-B4F2-4473-914B-EA0C1BE39F73}.Debug|Any CPU.ActiveCfg = Debug|Any CPU
		{B13E6112-B4F2-4473-914B-EA0C1BE39F73}.Debug|Any CPU.Build.0 = Debug|Any CPU
		{B13E6112-B4F2-4473-914B-EA0C1BE39F73}.Release|Any CPU.ActiveCfg = Release|Any CPU
		{B13E6112-B4F2-4473-914B-EA0C1BE39F73}.Release|Any CPU.Build.0 = Release|Any CPU
		{364237CA-8668-4912-9CE7-93001335FA99}.Debug|Any CPU.ActiveCfg = Debug|Any CPU
		{364237CA-8668-4912-9CE7-93001335FA99}.Debug|Any CPU.Build.0 = Debug|Any CPU
		{364237CA-8668-4912-9CE7-93001335FA99}.Release|Any CPU.ActiveCfg = Release|Any CPU
		{364237CA-8668-4912-9CE7-93001335FA99}.Release|Any CPU.Build.0 = Release|Any CPU
		{78E5ACB5-DF8E-454B-B2DA-C78DDF1DCB63}.Debug|Any CPU.ActiveCfg = Debug|Any CPU
		{78E5ACB5-DF8E-454B-B2DA-C78DDF1DCB63}.Debug|Any CPU.Build.0 = Debug|Any CPU
		{78E5ACB5-DF8E-454B-B2DA-C78DDF1DCB63}.Release|Any CPU.ActiveCfg = Release|Any CPU
		{78E5ACB5-DF8E-454B-B2DA-C78DDF1DCB63}.Release|Any CPU.Build.0 = Release|Any CPU
		{D30D111A-8AAD-4669-B46D-BF5B10C28077}.Debug|Any CPU.ActiveCfg = Debug|Any CPU
		{D30D111A-8AAD-4669-B46D-BF5B10C28077}.Debug|Any CPU.Build.0 = Debug|Any CPU
		{D30D111A-8AAD-4669-B46D-BF5B10C28077}.Release|Any CPU.ActiveCfg = Release|Any CPU
		{D30D111A-8AAD-4669-B46D-BF5B10C28077}.Release|Any CPU.Build.0 = Release|Any CPU
	EndGlobalSection
	GlobalSection(SolutionProperties) = preSolution
		HideSolutionNode = FALSE
	EndGlobalSection
	GlobalSection(ExtensibilityGlobals) = postSolution
		SolutionGuid = {F6CE0061-129E-4EF2-A2FA-8979F6FDB9BC}
	EndGlobalSection
EndGlobal
